
Microsoft Visual Studio Solution File, Format Version 12.00
# Visual Studio Version 16
VisualStudioVersion = 16.0.30011.22
MinimumVisualStudioVersion = 10.0.40219.1
Project("{FAE04EC0-301F-11D3-BF4B-00C04F79EFBC}") = "VChrome", "VChrome.csproj", "{903B5B2A-1934-4294-BB96-95CA70F9BA67}"
EndProject
Global
	GlobalSection(SolutionConfigurationPlatforms) = preSolution
		Debug|Any CPU = Debug|Any CPU
		Release|Any CPU = Release|Any CPU
	EndGlobalSection
	GlobalSection(ProjectConfigurationPlatforms) = postSolution
		{903B5B2A-1934-4294-BB96-95CA70F9BA67}.Debug|Any CPU.ActiveCfg = Debug|Any CPU
		{903B5B2A-1934-4294-BB96-95CA70F9BA67}.Debug|Any CPU.Build.0 = Debug|Any CPU
		{903B5B2A-1934-4294-BB96-95CA70F9BA67}.Release|Any CPU.ActiveCfg = Release|Any CPU
		{903B5B2A-1934-4294-BB96-95CA70F9BA67}.Release|Any CPU.Build.0 = Release|Any CPU
	EndGlobalSection
	GlobalSection(SolutionProperties) = preSolution
		HideSolutionNode = FALSE
	EndGlobalSection
	GlobalSection(ExtensibilityGlobals) = postSolution
		SolutionGuid = {B07B5C69-6FD4-4F10-BB2A-B9FFC6E03257}
	EndGlobalSection
EndGlobal
